
Microsoft Visual Studio Solution File, Format Version 12.00
# Visual Studio 15
VisualStudioVersion = 15.0.26124.0
MinimumVisualStudioVersion = 15.0.26124.0
Project("{FAE04EC0-301F-11D3-BF4B-00C04F79EFBC}") = "Sorting", "Sorting\Sorting.csproj", "{02E2131C-CBE1-40B9-AB71-C11A56B8B26B}"
EndProject
Project("{FAE04EC0-301F-11D3-BF4B-00C04F79EFBC}") = "Sorting.Tests", "Sorting.Tests\Sorting.Tests.csproj", "{6ADE4883-330B-4D1B-96A3-53CC432387B2}"
EndProject
Project("{FAE04EC0-301F-11D3-BF4B-00C04F79EFBC}") = "UnitTestUtilities", "UnitTestUtilities\UnitTestUtilities.csproj", "{EB8737A1-C6E2-489C-98FC-E3311634D44E}"
EndProject
Project("{FAE04EC0-301F-11D3-BF4B-00C04F79EFBC}") = "GameOfLive", "GameOfLive\GameOfLive.csproj", "{38C690C2-93C5-4D03-AF39-B84CB1607BA9}"
EndProject
Global
	GlobalSection(SolutionConfigurationPlatforms) = preSolution
		Debug|Any CPU = Debug|Any CPU
		Debug|x64 = Debug|x64
		Debug|x86 = Debug|x86
		Release|Any CPU = Release|Any CPU
		Release|x64 = Release|x64
		Release|x86 = Release|x86
	EndGlobalSection
	GlobalSection(SolutionProperties) = preSolution
		HideSolutionNode = FALSE
	EndGlobalSection
	GlobalSection(ProjectConfigurationPlatforms) = postSolution
		{02E2131C-CBE1-40B9-AB71-C11A56B8B26B}.Debug|Any CPU.ActiveCfg = Debug|Any CPU
		{02E2131C-CBE1-40B9-AB71-C11A56B8B26B}.Debug|Any CPU.Build.0 = Debug|Any CPU
		{02E2131C-CBE1-40B9-AB71-C11A56B8B26B}.Debug|x64.ActiveCfg = Debug|Any CPU
		{02E2131C-CBE1-40B9-AB71-C11A56B8B26B}.Debug|x64.Build.0 = Debug|Any CPU
		{02E2131C-CBE1-40B9-AB71-C11A56B8B26B}.Debug|x86.ActiveCfg = Debug|Any CPU
		{02E2131C-CBE1-40B9-AB71-C11A56B8B26B}.Debug|x86.Build.0 = Debug|Any CPU
		{02E2131C-CBE1-40B9-AB71-C11A56B8B26B}.Release|Any CPU.ActiveCfg = Release|Any CPU
		{02E2131C-CBE1-40B9-AB71-C11A56B8B26B}.Release|Any CPU.Build.0 = Release|Any CPU
		{02E2131C-CBE1-40B9-AB71-C11A56B8B26B}.Release|x64.ActiveCfg = Release|Any CPU
		{02E2131C-CBE1-40B9-AB71-C11A56B8B26B}.Release|x64.Build.0 = Release|Any CPU
		{02E2131C-CBE1-40B9-AB71-C11A56B8B26B}.Release|x86.ActiveCfg = Release|Any CPU
		{02E2131C-CBE1-40B9-AB71-C11A56B8B26B}.Release|x86.Build.0 = Release|Any CPU
		{6ADE4883-330B-4D1B-96A3-53CC432387B2}.Debug|Any CPU.ActiveCfg = Debug|Any CPU
		{6ADE4883-330B-4D1B-96A3-53CC432387B2}.Debug|Any CPU.Build.0 = Debug|Any CPU
		{6ADE4883-330B-4D1B-96A3-53CC432387B2}.Debug|x64.ActiveCfg = Debug|Any CPU
		{6ADE4883-330B-4D1B-96A3-53CC432387B2}.Debug|x64.Build.0 = Debug|Any CPU
		{6ADE4883-330B-4D1B-96A3-53CC432387B2}.Debug|x86.ActiveCfg = Debug|Any CPU
		{6ADE4883-330B-4D1B-96A3-53CC432387B2}.Debug|x86.Build.0 = Debug|Any CPU
		{6ADE4883-330B-4D1B-96A3-53CC432387B2}.Release|Any CPU.ActiveCfg = Release|Any CPU
		{6ADE4883-330B-4D1B-96A3-53CC432387B2}.Release|Any CPU.Build.0 = Release|Any CPU
		{6ADE4883-330B-4D1B-96A3-53CC432387B2}.Release|x64.ActiveCfg = Release|Any CPU
		{6ADE4883-330B-4D1B-96A3-53CC432387B2}.Release|x64.Build.0 = Release|Any CPU
		{6ADE4883-330B-4D1B-96A3-53CC432387B2}.Release|x86.ActiveCfg = Release|Any CPU
		{6ADE4883-330B-4D1B-96A3-53CC432387B2}.Release|x86.Build.0 = Release|Any CPU
		{EB8737A1-C6E2-489C-98FC-E3311634D44E}.Debug|Any CPU.ActiveCfg = Debug|Any CPU
		{EB8737A1-C6E2-489C-98FC-E3311634D44E}.Debug|Any CPU.Build.0 = Debug|Any CPU
		{EB8737A1-C6E2-489C-98FC-E3311634D44E}.Debug|x64.ActiveCfg = Debug|Any CPU
		{EB8737A1-C6E2-489C-98FC-E3311634D44E}.Debug|x64.Build.0 = Debug|Any CPU
		{EB8737A1-C6E2-489C-98FC-E3311634D44E}.Debug|x86.ActiveCfg = Debug|Any CPU
		{EB8737A1-C6E2-489C-98FC-E3311634D44E}.Debug|x86.Build.0 = Debug|Any CPU
		{EB8737A1-C6E2-489C-98FC-E3311634D44E}.Release|Any CPU.ActiveCfg = Release|Any CPU
		{EB8737A1-C6E2-489C-98FC-E3311634D44E}.Release|Any CPU.Build.0 = Release|Any CPU
		{EB8737A1-C6E2-489C-98FC-E3311634D44E}.Release|x64.ActiveCfg = Release|Any CPU
		{EB8737A1-C6E2-489C-98FC-E3311634D44E}.Release|x64.Build.0 = Release|Any CPU
		{EB8737A1-C6E2-489C-98FC-E3311634D44E}.Release|x86.ActiveCfg = Release|Any CPU
		{EB8737A1-C6E2-489C-98FC-E3311634D44E}.Release|x86.Build.0 = Release|Any CPU
		{38C690C2-93C5-4D03-AF39-B84CB1607BA9}.Debug|Any CPU.ActiveCfg = Debug|Any CPU
		{38C690C2-93C5-4D03-AF39-B84CB1607BA9}.Debug|Any CPU.Build.0 = Debug|Any CPU
		{38C690C2-93C5-4D03-AF39-B84CB1607BA9}.Debug|x64.ActiveCfg = Debug|Any CPU
		{38C690C2-93C5-4D03-AF39-B84CB1607BA9}.Debug|x64.Build.0 = Debug|Any CPU
		{38C690C2-93C5-4D03-AF39-B84CB1607BA9}.Debug|x86.ActiveCfg = Debug|Any CPU
		{38C690C2-93C5-4D03-AF39-B84CB1607BA9}.Debug|x86.Build.0 = Debug|Any CPU
		{38C690C2-93C5-4D03-AF39-B84CB1607BA9}.Release|Any CPU.ActiveCfg = Release|Any CPU
		{38C690C2-93C5-4D03-AF39-B84CB1607BA9}.Release|Any CPU.Build.0 = Release|Any CPU
		{38C690C2-93C5-4D03-AF39-B84CB1607BA9}.Release|x64.ActiveCfg = Release|Any CPU
		{38C690C2-93C5-4D03-AF39-B84CB1607BA9}.Release|x64.Build.0 = Release|Any CPU
		{38C690C2-93C5-4D03-AF39-B84CB1607BA9}.Release|x86.ActiveCfg = Release|Any CPU
		{38C690C2-93C5-4D03-AF39-B84CB1607BA9}.Release|x86.Build.0 = Release|Any CPU
	EndGlobalSection
EndGlobal
