
Microsoft Visual Studio Solution File, Format Version 12.00
# Visual Studio Version 16
VisualStudioVersion = 16.0.30225.117
MinimumVisualStudioVersion = 15.0.26124.0
Project("{9A19103F-16F7-4668-BE54-9A1E7A4F7556}") = "Sorting", "Sorting\Sorting.csproj", "{02E2131C-CBE1-40B9-AB71-C11A56B8B26B}"
EndProject
Project("{9A19103F-16F7-4668-BE54-9A1E7A4F7556}") = "Sorting.Tests", "Sorting.Tests\Sorting.Tests.csproj", "{6ADE4883-330B-4D1B-96A3-53CC432387B2}"
EndProject
Project("{9A19103F-16F7-4668-BE54-9A1E7A4F7556}") = "UnitTestUtilities", "UnitTestUtilities\UnitTestUtilities.csproj", "{EB8737A1-C6E2-489C-98FC-E3311634D44E}"
EndProject
Project("{9A19103F-16F7-4668-BE54-9A1E7A4F7556}") = "GameOfLife.View", "GameOfLife.View\GameOfLife.View.csproj", "{D13DBAE4-8AAD-4036-AA7B-D71769193FAE}"
EndProject
Project("{9A19103F-16F7-4668-BE54-9A1E7A4F7556}") = "GameOfLife.Model.Tests", "GameOfLife.Model.Tests\GameOfLife.Model.Tests.csproj", "{A7CCCBF5-DB2D-4183-9500-7265A88D8026}"
EndProject
Project("{9A19103F-16F7-4668-BE54-9A1E7A4F7556}") = "GameOfLife.Model", "GameOfLive.Model\GameOfLife.Model.csproj", "{959BAFE5-9188-4AAE-AC24-E4F1727ABB17}"
EndProject
Global
	GlobalSection(SolutionConfigurationPlatforms) = preSolution
		Debug|Any CPU = Debug|Any CPU
		Debug|x64 = Debug|x64
		Debug|x86 = Debug|x86
		Release|Any CPU = Release|Any CPU
		Release|x64 = Release|x64
		Release|x86 = Release|x86
	EndGlobalSection
	GlobalSection(ProjectConfigurationPlatforms) = postSolution
		{02E2131C-CBE1-40B9-AB71-C11A56B8B26B}.Debug|Any CPU.ActiveCfg = Debug|Any CPU
		{02E2131C-CBE1-40B9-AB71-C11A56B8B26B}.Debug|Any CPU.Build.0 = Debug|Any CPU
		{02E2131C-CBE1-40B9-AB71-C11A56B8B26B}.Debug|x64.ActiveCfg = Debug|Any CPU
		{02E2131C-CBE1-40B9-AB71-C11A56B8B26B}.Debug|x64.Build.0 = Debug|Any CPU
		{02E2131C-CBE1-40B9-AB71-C11A56B8B26B}.Debug|x86.ActiveCfg = Debug|Any CPU
		{02E2131C-CBE1-40B9-AB71-C11A56B8B26B}.Debug|x86.Build.0 = Debug|Any CPU
		{02E2131C-CBE1-40B9-AB71-C11A56B8B26B}.Release|Any CPU.ActiveCfg = Release|Any CPU
		{02E2131C-CBE1-40B9-AB71-C11A56B8B26B}.Release|Any CPU.Build.0 = Release|Any CPU
		{02E2131C-CBE1-40B9-AB71-C11A56B8B26B}.Release|x64.ActiveCfg = Release|Any CPU
		{02E2131C-CBE1-40B9-AB71-C11A56B8B26B}.Release|x64.Build.0 = Release|Any CPU
		{02E2131C-CBE1-40B9-AB71-C11A56B8B26B}.Release|x86.ActiveCfg = Release|Any CPU
		{02E2131C-CBE1-40B9-AB71-C11A56B8B26B}.Release|x86.Build.0 = Release|Any CPU
		{6ADE4883-330B-4D1B-96A3-53CC432387B2}.Debug|Any CPU.ActiveCfg = Debug|Any CPU
		{6ADE4883-330B-4D1B-96A3-53CC432387B2}.Debug|Any CPU.Build.0 = Debug|Any CPU
		{6ADE4883-330B-4D1B-96A3-53CC432387B2}.Debug|x64.ActiveCfg = Debug|Any CPU
		{6ADE4883-330B-4D1B-96A3-53CC432387B2}.Debug|x64.Build.0 = Debug|Any CPU
		{6ADE4883-330B-4D1B-96A3-53CC432387B2}.Debug|x86.ActiveCfg = Debug|Any CPU
		{6ADE4883-330B-4D1B-96A3-53CC432387B2}.Debug|x86.Build.0 = Debug|Any CPU
		{6ADE4883-330B-4D1B-96A3-53CC432387B2}.Release|Any CPU.ActiveCfg = Release|Any CPU
		{6ADE4883-330B-4D1B-96A3-53CC432387B2}.Release|Any CPU.Build.0 = Release|Any CPU
		{6ADE4883-330B-4D1B-96A3-53CC432387B2}.Release|x64.ActiveCfg = Release|Any CPU
		{6ADE4883-330B-4D1B-96A3-53CC432387B2}.Release|x64.Build.0 = Release|Any CPU
		{6ADE4883-330B-4D1B-96A3-53CC432387B2}.Release|x86.ActiveCfg = Release|Any CPU
		{6ADE4883-330B-4D1B-96A3-53CC432387B2}.Release|x86.Build.0 = Release|Any CPU
		{EB8737A1-C6E2-489C-98FC-E3311634D44E}.Debug|Any CPU.ActiveCfg = Debug|Any CPU
		{EB8737A1-C6E2-489C-98FC-E3311634D44E}.Debug|Any CPU.Build.0 = Debug|Any CPU
		{EB8737A1-C6E2-489C-98FC-E3311634D44E}.Debug|x64.ActiveCfg = Debug|Any CPU
		{EB8737A1-C6E2-489C-98FC-E3311634D44E}.Debug|x64.Build.0 = Debug|Any CPU
		{EB8737A1-C6E2-489C-98FC-E3311634D44E}.Debug|x86.ActiveCfg = Debug|Any CPU
		{EB8737A1-C6E2-489C-98FC-E3311634D44E}.Debug|x86.Build.0 = Debug|Any CPU
		{EB8737A1-C6E2-489C-98FC-E3311634D44E}.Release|Any CPU.ActiveCfg = Release|Any CPU
		{EB8737A1-C6E2-489C-98FC-E3311634D44E}.Release|Any CPU.Build.0 = Release|Any CPU
		{EB8737A1-C6E2-489C-98FC-E3311634D44E}.Release|x64.ActiveCfg = Release|Any CPU
		{EB8737A1-C6E2-489C-98FC-E3311634D44E}.Release|x64.Build.0 = Release|Any CPU
		{EB8737A1-C6E2-489C-98FC-E3311634D44E}.Release|x86.ActiveCfg = Release|Any CPU
		{EB8737A1-C6E2-489C-98FC-E3311634D44E}.Release|x86.Build.0 = Release|Any CPU
		{D13DBAE4-8AAD-4036-AA7B-D71769193FAE}.Debug|Any CPU.ActiveCfg = Debug|Any CPU
		{D13DBAE4-8AAD-4036-AA7B-D71769193FAE}.Debug|Any CPU.Build.0 = Debug|Any CPU
		{D13DBAE4-8AAD-4036-AA7B-D71769193FAE}.Debug|x64.ActiveCfg = Debug|Any CPU
		{D13DBAE4-8AAD-4036-AA7B-D71769193FAE}.Debug|x64.Build.0 = Debug|Any CPU
		{D13DBAE4-8AAD-4036-AA7B-D71769193FAE}.Debug|x86.ActiveCfg = Debug|Any CPU
		{D13DBAE4-8AAD-4036-AA7B-D71769193FAE}.Debug|x86.Build.0 = Debug|Any CPU
		{D13DBAE4-8AAD-4036-AA7B-D71769193FAE}.Release|Any CPU.ActiveCfg = Release|Any CPU
		{D13DBAE4-8AAD-4036-AA7B-D71769193FAE}.Release|Any CPU.Build.0 = Release|Any CPU
		{D13DBAE4-8AAD-4036-AA7B-D71769193FAE}.Release|x64.ActiveCfg = Release|Any CPU
		{D13DBAE4-8AAD-4036-AA7B-D71769193FAE}.Release|x64.Build.0 = Release|Any CPU
		{D13DBAE4-8AAD-4036-AA7B-D71769193FAE}.Release|x86.ActiveCfg = Release|Any CPU
		{D13DBAE4-8AAD-4036-AA7B-D71769193FAE}.Release|x86.Build.0 = Release|Any CPU
		{A7CCCBF5-DB2D-4183-9500-7265A88D8026}.Debug|Any CPU.ActiveCfg = Debug|Any CPU
		{A7CCCBF5-DB2D-4183-9500-7265A88D8026}.Debug|Any CPU.Build.0 = Debug|Any CPU
		{A7CCCBF5-DB2D-4183-9500-7265A88D8026}.Debug|x64.ActiveCfg = Debug|Any CPU
		{A7CCCBF5-DB2D-4183-9500-7265A88D8026}.Debug|x64.Build.0 = Debug|Any CPU
		{A7CCCBF5-DB2D-4183-9500-7265A88D8026}.Debug|x86.ActiveCfg = Debug|Any CPU
		{A7CCCBF5-DB2D-4183-9500-7265A88D8026}.Debug|x86.Build.0 = Debug|Any CPU
		{A7CCCBF5-DB2D-4183-9500-7265A88D8026}.Release|Any CPU.ActiveCfg = Release|Any CPU
		{A7CCCBF5-DB2D-4183-9500-7265A88D8026}.Release|Any CPU.Build.0 = Release|Any CPU
		{A7CCCBF5-DB2D-4183-9500-7265A88D8026}.Release|x64.ActiveCfg = Release|Any CPU
		{A7CCCBF5-DB2D-4183-9500-7265A88D8026}.Release|x64.Build.0 = Release|Any CPU
		{A7CCCBF5-DB2D-4183-9500-7265A88D8026}.Release|x86.ActiveCfg = Release|Any CPU
		{A7CCCBF5-DB2D-4183-9500-7265A88D8026}.Release|x86.Build.0 = Release|Any CPU
		{959BAFE5-9188-4AAE-AC24-E4F1727ABB17}.Debug|Any CPU.ActiveCfg = Debug|Any CPU
		{959BAFE5-9188-4AAE-AC24-E4F1727ABB17}.Debug|Any CPU.Build.0 = Debug|Any CPU
		{959BAFE5-9188-4AAE-AC24-E4F1727ABB17}.Debug|x64.ActiveCfg = Debug|Any CPU
		{959BAFE5-9188-4AAE-AC24-E4F1727ABB17}.Debug|x64.Build.0 = Debug|Any CPU
		{959BAFE5-9188-4AAE-AC24-E4F1727ABB17}.Debug|x86.ActiveCfg = Debug|Any CPU
		{959BAFE5-9188-4AAE-AC24-E4F1727ABB17}.Debug|x86.Build.0 = Debug|Any CPU
		{959BAFE5-9188-4AAE-AC24-E4F1727ABB17}.Release|Any CPU.ActiveCfg = Release|Any CPU
		{959BAFE5-9188-4AAE-AC24-E4F1727ABB17}.Release|Any CPU.Build.0 = Release|Any CPU
		{959BAFE5-9188-4AAE-AC24-E4F1727ABB17}.Release|x64.ActiveCfg = Release|Any CPU
		{959BAFE5-9188-4AAE-AC24-E4F1727ABB17}.Release|x64.Build.0 = Release|Any CPU
		{959BAFE5-9188-4AAE-AC24-E4F1727ABB17}.Release|x86.ActiveCfg = Release|Any CPU
		{959BAFE5-9188-4AAE-AC24-E4F1727ABB17}.Release|x86.Build.0 = Release|Any CPU
	EndGlobalSection
	GlobalSection(SolutionProperties) = preSolution
		HideSolutionNode = FALSE
	EndGlobalSection
	GlobalSection(ExtensibilityGlobals) = postSolution
		SolutionGuid = {7234A388-312D-49C9-90DA-79B44F084620}
	EndGlobalSection
EndGlobal
